
Microsoft Visual Studio Solution File, Format Version 12.00
# Visual Studio 15
VisualStudioVersion = 15.0.28307.168
MinimumVisualStudioVersion = 10.0.40219.1
Project("{FAE04EC0-301F-11D3-BF4B-00C04F79EFBC}") = "ProjectTracker", "ProjectTracker\ProjectTracker.csproj", "{0FF7A4B6-B7B3-428E-8798-F9175A05B040}"
EndProject
Global
	GlobalSection(SolutionConfigurationPlatforms) = preSolution
		Debug|Any CPU = Debug|Any CPU
		Release|Any CPU = Release|Any CPU
	EndGlobalSection
	GlobalSection(ProjectConfigurationPlatforms) = postSolution
		{0FF7A4B6-B7B3-428E-8798-F9175A05B040}.Debug|Any CPU.ActiveCfg = Debug|Any CPU
		{0FF7A4B6-B7B3-428E-8798-F9175A05B040}.Debug|Any CPU.Build.0 = Debug|Any CPU
		{0FF7A4B6-B7B3-428E-8798-F9175A05B040}.Release|Any CPU.ActiveCfg = Release|Any CPU
		{0FF7A4B6-B7B3-428E-8798-F9175A05B040}.Release|Any CPU.Build.0 = Release|Any CPU
	EndGlobalSection
	GlobalSection(SolutionProperties) = preSolution
		HideSolutionNode = FALSE
	EndGlobalSection
	GlobalSection(ExtensibilityGlobals) = postSolution
		SolutionGuid = {3A45C39A-B1CB-430A-8C7B-F864D94E34C7}
	EndGlobalSection
EndGlobal
